{
  "nodes": {
    "flake-utils": {
      "inputs": {
        "systems": [
          "systems"
        ]
      },
      "locked": {
        "lastModified": 1731533236,
        "narHash": "sha256-l0KFg5HjrsfsO/JpG+r7fRrqm12kzFHyUHqHCVpMMbI=",
        "owner": "numtide",
        "repo": "flake-utils",
        "rev": "11707dc2f618dd54ca8739b309ec4fc024de578b",
        "type": "github"
      },
      "original": {
        "owner": "numtide",
        "repo": "flake-utils",
        "type": "github"
      }
    },
    "go_1_23_4": {
      "locked": {
        "lastModified": 1734988233,
        "narHash": "sha256-Ucfnxq1rF/GjNP3kTL+uTfgdoE9a3fxDftSfeLIS8mA=",
        "owner": "NixOS",
        "repo": "nixpkgs",
        "rev": "de1864217bfa9b5845f465e771e0ecb48b30e02d",
        "type": "github"
      },
      "original": {
        "owner": "NixOS",
        "repo": "nixpkgs",
        "rev": "de1864217bfa9b5845f465e771e0ecb48b30e02d",
        "type": "github"
      }
    },
    "nixpkgs": {
      "locked": {
        "lastModified": 1736010017,
        "narHash": "sha256-pMttboU4LraZezi3tc7NiHODd4eKziFRb2a4s4WO8Ms=",
        "owner": "NixOS",
        "repo": "nixpkgs",
        "rev": "a1945f760a8fe019a4d753808de424dcd4e5b3cf",
        "type": "github"
      },
      "original": {
        "owner": "NixOS",
        "ref": "nixpkgs-unstable",
        "repo": "nixpkgs",
        "type": "github"
      }
    },
    "nodejs_20_9_0": {
      "locked": {
        "lastModified": 1700230496,
        "narHash": "sha256-pl8PLUQLigZgFZrafIXs2djne5kboimK6MYsZN8Ywtg=",
        "owner": "NixOS",
        "repo": "nixpkgs",
        "rev": "a71323f68d4377d12c04a5410e214495ec598d4c",
        "type": "github"
      },
      "original": {
        "owner": "NixOS",
        "repo": "nixpkgs",
        "rev": "a71323f68d4377d12c04a5410e214495ec598d4c",
        "type": "github"
      }
    },
    "root": {
      "inputs": {
        "flake-utils": "flake-utils",
        "go_1_23_4": "go_1_23_4",
        "nixpkgs": "nixpkgs",
        "nodejs_20_9_0": "nodejs_20_9_0",
        "systems": "systems"
      }
    },
    "systems": {
      "locked": {
        "lastModified": 1681028828,
        "narHash": "sha256-Vy1rq5AaRuLzOxct8nz4T6wlgyUR7zLU309k9mBC768=",
        "owner": "nix-systems",
        "repo": "default",
        "rev": "da67096a3b9bf56a91d16901293e51ba5b49a27e",
        "type": "github"
      },
      "original": {
        "owner": "nix-systems",
        "repo": "default",
        "type": "github"
      }
    }
  },
  "root": "root",
  "version": 7
}
