hash: 37cc39109d1be309985ddd82923284136b18e18aca4ab82f7a43e981c95d5995
updated: 2016-09-02T17:16:18.504250625+08:00
imports:
- name: github.com/dgrijalva/jwt-go
  version: 01aeca54ebda6e0fbfafd0a524d234159c05ec20
- name: github.com/evalphobia/logrus_sentry
  version: d265708c9c877d2f458e673f0af437a0529baee9
- name: github.com/facebookgo/inject
  version: d5029152fecb2a8e68f7f8eb3c6391fc8ee70496
- name: github.com/facebookgo/structtag
  version: 217e25fb96916cc60332e399c9aa63f5c422ceed
- name: github.com/franela/goreq
  version: fc08df6ca2d4a0d1a5ae24739aa268863943e723
- name: github.com/garyburd/redigo
  version: 6ece6e0a09f28cc399b21550cbf37ab39ba63cce
  subpackages:
  - internal
  - redis
- name: github.com/getsentry/raven-go
  version: 74c334d7b8aaa4fd1b4fc6aa428c36fed1699e28
- name: github.com/golang/mock
  version: bd3c8e81be01eef76d4b503f5e687d2d1354d2d9
  subpackages:
  - gomock
- name: github.com/google/go-gcm
  version: 423613e2e8f11e71023c75ae2dd7e27105326cbf
- name: github.com/gorilla/websocket
  version: b6ab76f1fe9803ee1d59e7e5b2a797c1fe897ce5
- name: github.com/jmoiron/sqlx
  version: 344b1e96d6e410a093b7bce40287731a49e253f6
  subpackages:
  - reflectx
- name: github.com/joho/godotenv
  version: 4ed13390c0acd2ff4e371e64d8b97c8954138243
- name: github.com/jpillora/backoff
  version: 2ff7c4694083b5dbd71b21fd7cb7577477a74b31
- name: github.com/lann/builder
  version: f22ce00fd9394014049dad11c244859432bd6820
- name: github.com/lann/ps
  version: 62de8c46ede02a7675c4c79c84883eb164cb71e3
- name: github.com/lann/squirrel
  version: e13dbacee404686afd0acf2d44b8d34869605e03
- name: github.com/lib/pq
  version: b269bd035a727d6c1081f76e7a239a1b00674c40
  subpackages:
  - oid
- name: github.com/mattn/go-xmpp
  version: d86062634d19b6ac3e601f0d2b875879bb6b9569
- name: github.com/mitchellh/mapstructure
  version: 281073eb9eb092240d33ef253c404f1cca550309
- name: github.com/paulmach/go.geo
  version: c84b6002b0f727d4a2d40e05466dfc3cc54eb329
- name: github.com/paulmach/go.geojson
  version: 6bb595384bbe8e2f960c3a1df0e4e66c9da3e884
- name: github.com/pborman/uuid
  version: cccd189d45f7ac3368a0d127efb7f4d08ae0b655
- name: github.com/robfig/cron
  version: 67823cd24dece1b04cced3a0a0b3ca2bc84d875e
- name: github.com/RobotsAndPencils/buford
  version: 2d03c359eab35051daee2c71485309361639bed1
  subpackages:
  - push
- name: github.com/Sirupsen/logrus
  version: 74bde9ea4c5b2c78995da8ed56d37e75644dc941
- name: github.com/twinj/uuid
  version: b505f2cca343b7b21416b27b1f2ad88469800892
- name: github.com/zeromq/goczmq
  version: 91476d8f9ec24f1c2b7d35d459a9d2b32376e450
- name: golang.org/x/crypto
  version: 173ce04bfaf66c7bb0fa9d5c0bfd93e773909dbd
  subpackages:
  - bcrypt
  - blowfish
- name: golang.org/x/net
  version: b400c2eff1badec7022a8c8f5bea058b6315eed7
  subpackages:
  - context
  - http2
  - http2/hpack
  - lex/httplex
- name: golang.org/x/sys
  version: 5eaf0df67e70d6997a9fe0ed24383fa1b01638d3
  subpackages:
  - unix
- name: gopkg.in/amz.v3
  version: 537454f724132c64dec76f0b9156917fcdd47e3a
  subpackages:
  - aws
  - s3
testImports:
- name: github.com/gopherjs/gopherjs
  version: 45518c130e5bd1525f20110830a4986365a153de
  subpackages:
  - js
- name: github.com/jarcoal/httpmock
  version: 145b10d659265440f062c31ea15326166bae56ee
- name: github.com/jtolds/gls
  version: 8ddce2a84170772b95dd5d576c48d517b22cac63
- name: github.com/smartystreets/assertions
  version: 2063fd1cc7c975db70502811a34b06ad034ccdf2
  subpackages:
  - internal/go-render/render
  - internal/oglematchers
- name: github.com/smartystreets/goconvey
  version: 5db88ed452e937f2fd557de6f4f1af7f2eabed0b
  subpackages:
  - convey
  - convey/gotest
  - convey/reporting
