hash: 9b3956092904fd76cec1cfdc4436daffff4f8197d786851b3263fa3e4bab2012
updated: 2017-07-25T01:25:09.505907587+08:00
imports:
- name: github.com/certifi/gocertifi
  version: a9c833d2837d3b16888d55d5aafa9ffe9afb22b0
- name: github.com/dgrijalva/jwt-go
  version: 01aeca54ebda6e0fbfafd0a524d234159c05ec20
- name: github.com/evalphobia/logrus_sentry
  version: 9f8f2d05a621e616d9341ac75374eb8402ae0630
- name: github.com/facebookgo/inject
  version: d5029152fecb2a8e68f7f8eb3c6391fc8ee70496
- name: github.com/facebookgo/structtag
  version: 217e25fb96916cc60332e399c9aa63f5c422ceed
- name: github.com/franela/goreq
  version: b5b0f5eb2d16f20345cce0a544a75163579c0b00
- name: github.com/garyburd/redigo
  version: 6ece6e0a09f28cc399b21550cbf37ab39ba63cce
  subpackages:
  - internal
  - redis
- name: github.com/getsentry/raven-go
  version: d175f85701dfbf44cb0510114c9943e665e60907
- name: github.com/golang/mock
  version: 13f360950a79f5864a972c786a10a50e44b69541
  subpackages:
  - gomock
- name: github.com/google/go-gcm
  version: 423613e2e8f11e71023c75ae2dd7e27105326cbf
- name: github.com/gorilla/websocket
  version: b6ab76f1fe9803ee1d59e7e5b2a797c1fe897ce5
- name: github.com/jmoiron/sqlx
  version: d9bd385d68c068f1fabb5057e3dedcbcbb039d0f
  subpackages:
  - reflectx
- name: github.com/joho/godotenv
  version: 4ed13390c0acd2ff4e371e64d8b97c8954138243
- name: github.com/jpillora/backoff
  version: 2ff7c4694083b5dbd71b21fd7cb7577477a74b31
- name: github.com/lann/builder
  version: f22ce00fd9394014049dad11c244859432bd6820
- name: github.com/lann/ps
  version: 62de8c46ede02a7675c4c79c84883eb164cb71e3
- name: github.com/lann/squirrel
  version: e13dbacee404686afd0acf2d44b8d34869605e03
- name: github.com/lib/pq
  version: dd1fe2071026ce53f36a39112e645b4d4f5793a4
  subpackages:
  - oid
- name: github.com/mattn/go-xmpp
  version: d86062634d19b6ac3e601f0d2b875879bb6b9569
- name: github.com/mitchellh/mapstructure
  version: 281073eb9eb092240d33ef253c404f1cca550309
- name: github.com/paulmach/go.geo
  version: c84b6002b0f727d4a2d40e05466dfc3cc54eb329
- name: github.com/paulmach/go.geojson
  version: 6bb595384bbe8e2f960c3a1df0e4e66c9da3e884
- name: github.com/pborman/uuid
  version: cccd189d45f7ac3368a0d127efb7f4d08ae0b655
- name: github.com/pkg/errors
  version: c605e284fe17294bda444b34710735b29d1a9d90
- name: github.com/robfig/cron
  version: 67823cd24dece1b04cced3a0a0b3ca2bc84d875e
- name: github.com/sirupsen/logrus
  version: a3f95b5c423586578a4e099b11a46c2479628cac
- name: github.com/SkygearIO/buford
  version: fa85459e6bd358249063cdffecd8ab025aa8a44c
  subpackages:
  - push
- name: github.com/twinj/uuid
  version: b505f2cca343b7b21416b27b1f2ad88469800892
- name: github.com/zeromq/goczmq
  version: 91476d8f9ec24f1c2b7d35d459a9d2b32376e450
- name: golang.org/x/crypto
  version: 173ce04bfaf66c7bb0fa9d5c0bfd93e773909dbd
  subpackages:
  - bcrypt
  - blowfish
- name: golang.org/x/net
  version: 45e771701b814666a7eb299e6c7a57d0b1799e91
  subpackages:
  - http2
  - http2/hpack
  - idna
  - lex/httplex
- name: golang.org/x/sys
  version: 5eaf0df67e70d6997a9fe0ed24383fa1b01638d3
  subpackages:
  - unix
- name: gopkg.in/amz.v3
  version: 537454f724132c64dec76f0b9156917fcdd47e3a
  subpackages:
  - aws
  - s3
testImports:
- name: github.com/gopherjs/gopherjs
  version: 2b1d432c8a82c9bff0b0baffaeb3ec6e92974112
  subpackages:
  - js
- name: github.com/jarcoal/httpmock
  version: 4442edb3db31196622da56482fd8d0fa375fba4d
- name: github.com/jtolds/gls
  version: 77f18212c9c7edc9bd6a33d383a7b545ce62f064
- name: github.com/smartystreets/assertions
  version: 4ea54c1f28ad3ae597e76607dea3871fa177e263
  subpackages:
  - internal/go-render/render
  - internal/oglematchers
- name: github.com/smartystreets/goconvey
  version: d4c757aa9afd1e2fc1832aaab209b5794eb336e1
  subpackages:
  - convey
  - convey/gotest
  - convey/reporting
