{
  "name": "node",
  "version": "0.1.0",
  "lockfileVersion": 1,
  "requires": true,
  "dependencies": {
    "@babel/runtime": {
      "version": "7.15.3",
      "resolved": "https://registry.npmjs.org/@babel/runtime/-/runtime-7.15.3.tgz",
      "integrity": "sha512-OvwMLqNXkCXSz1kSm58sEsNuhqOx/fKpnUnKnFB5v8uDda5bLNEHNgKPvhDN6IU0LDcnHQ90LlJ0Q6jnyBSIBA==",
      "dev": true,
      "requires": {
        "regenerator-runtime": "^0.13.4"
      }
    },
    "abbrev": {
      "version": "1.1.1",
      "resolved": "https://registry.npmjs.org/abbrev/-/abbrev-1.1.1.tgz",
      "integrity": "sha512-nne9/IiQ/hzIhY6pdDnbBtz7DjPTKrY00P/zvPSm5pOFkl6xuGrGnXn/VtTNNfNtAfZ9/1RtehkszU9qcTii0Q==",
      "dev": true
    },
    "ansi-colors": {
      "version": "4.1.1",
      "resolved": "https://registry.npmjs.org/ansi-colors/-/ansi-colors-4.1.1.tgz",
      "integrity": "sha512-JoX0apGbHaUJBNl6yF+p6JAFYZ666/hhCGKN5t9QFjbJQKUU/g8MNbFDbvfrgKXvI1QpZplPOnwIo99lX/AAmA==",
      "dev": true
    },
    "ansi-regex": {
      "version": "5.0.0",
      "resolved": "https://registry.npmjs.org/ansi-regex/-/ansi-regex-5.0.0.tgz",
      "integrity": "sha512-bY6fj56OUQ0hU1KjFNDQuJFezqKdrAyFdIevADiqrWHwSlbmBNMHp5ak2f40Pm8JTFyM2mqxkG6ngkHO11f/lg==",
      "dev": true
    },
    "ansi-styles": {
      "version": "4.3.0",
      "resolved": "https://registry.npmjs.org/ansi-styles/-/ansi-styles-4.3.0.tgz",
      "integrity": "sha512-zbB9rCJAT1rbjiVDb2hqKFHNYLxgtk8NURxZ3IZwD3F6NtxbXZQCnnSi1Lkx+IDohdPlFp222wVALIheZJQSEg==",
      "dev": true,
      "requires": {
        "color-convert": "^2.0.1"
      }
    },
    "anymatch": {
      "version": "3.1.2",
      "resolved": "https://registry.npmjs.org/anymatch/-/anymatch-3.1.2.tgz",
      "integrity": "sha512-P43ePfOAIupkguHUycrc4qJ9kz8ZiuOUijaETwX7THt0Y/GNK7v0aa8rY816xWjZ7rJdA5XdMcpVFTKMq+RvWg==",
      "dev": true,
      "requires": {
        "normalize-path": "^3.0.0",
        "picomatch": "^2.0.4"
      }
    },
    "balanced-match": {
      "version": "1.0.2",
      "resolved": "https://registry.npmjs.org/balanced-match/-/balanced-match-1.0.2.tgz",
      "integrity": "sha512-3oSeUO0TMV67hN1AmbXsK4yaqU7tjiHlbxRDZOpH0KW9+CeX4bRAaX0Anxt0tx2MrpRpWwQaPwIlISEJhYU5Pw==",
      "dev": true
    },
    "binary-extensions": {
      "version": "2.2.0",
      "resolved": "https://registry.npmjs.org/binary-extensions/-/binary-extensions-2.2.0.tgz",
      "integrity": "sha512-jDctJ/IVQbZoJykoeHbhXpOlNBqGNcwXJKJog42E5HDPUwQTSdjCHdihjj0DlnheQ7blbT6dHOafNAiS8ooQKA==",
      "dev": true
    },
    "boolbase": {
      "version": "1.0.0",
      "resolved": "https://registry.npmjs.org/boolbase/-/boolbase-1.0.0.tgz",
      "integrity": "sha1-aN/1++YMUes3cl6p4+0xDcwed24=",
      "dev": true
    },
    "brace-expansion": {
      "version": "1.1.11",
      "resolved": "https://registry.npmjs.org/brace-expansion/-/brace-expansion-1.1.11.tgz",
      "integrity": "sha512-iCuPHDFgrHX7H2vEI/5xpz07zSHB00TpugqhmYtVmMO6518mCuRMoOYFldEBl0g187ufozdaHgWKcYFb61qGiA==",
      "dev": true,
      "requires": {
        "balanced-match": "^1.0.0",
        "concat-map": "0.0.1"
      }
    },
    "braces": {
      "version": "3.0.2",
      "resolved": "https://registry.npmjs.org/braces/-/braces-3.0.2.tgz",
      "integrity": "sha512-b8um+L1RzM3WDSzvhm6gIz1yfTbBt6YTlcEKAvsmqCZZFw46z626lVj9j1yEPW33H5H+lBQpZMP1k8l+78Ha0A==",
      "dev": true,
      "requires": {
        "fill-range": "^7.0.1"
      }
    },
    "camel-case": {
      "version": "3.0.0",
      "resolved": "https://registry.npmjs.org/camel-case/-/camel-case-3.0.0.tgz",
      "integrity": "sha1-yjw2iKTpzzpM2nd9xNy8cTJJz3M=",
      "dev": true,
      "requires": {
        "no-case": "^2.2.0",
        "upper-case": "^1.1.1"
      }
    },
    "cheerio": {
      "version": "1.0.0-rc.10",
      "resolved": "https://registry.npmjs.org/cheerio/-/cheerio-1.0.0-rc.10.tgz",
      "integrity": "sha512-g0J0q/O6mW8z5zxQ3A8E8J1hUgp4SMOvEoW/x84OwyHKe/Zccz83PVT4y5Crcr530FV6NgmKI1qvGTKVl9XXVw==",
      "dev": true,
      "requires": {
        "cheerio-select": "^1.5.0",
        "dom-serializer": "^1.3.2",
        "domhandler": "^4.2.0",
        "htmlparser2": "^6.1.0",
        "parse5": "^6.0.1",
        "parse5-htmlparser2-tree-adapter": "^6.0.1",
        "tslib": "^2.2.0"
      }
    },
    "cheerio-select": {
      "version": "1.5.0",
      "resolved": "https://registry.npmjs.org/cheerio-select/-/cheerio-select-1.5.0.tgz",
      "integrity": "sha512-qocaHPv5ypefh6YNxvnbABM07KMxExbtbfuJoIie3iZXX1ERwYmJcIiRrr9H05ucQP1k28dav8rpdDgjQd8drg==",
      "dev": true,
      "requires": {
        "css-select": "^4.1.3",
        "css-what": "^5.0.1",
        "domelementtype": "^2.2.0",
        "domhandler": "^4.2.0",
        "domutils": "^2.7.0"
      }
    },
    "chokidar": {
      "version": "3.5.2",
      "resolved": "https://registry.npmjs.org/chokidar/-/chokidar-3.5.2.tgz",
      "integrity": "sha512-ekGhOnNVPgT77r4K/U3GDhu+FQ2S8TnK/s2KbIGXi0SZWuwkZ2QNyfWdZW+TVfn84DpEP7rLeCt2UI6bJ8GwbQ==",
      "dev": true,
      "requires": {
        "anymatch": "~3.1.2",
        "braces": "~3.0.2",
        "fsevents": "~2.3.2",
        "glob-parent": "~5.1.2",
        "is-binary-path": "~2.1.0",
        "is-glob": "~4.0.1",
        "normalize-path": "~3.0.0",
        "readdirp": "~3.6.0"
      }
    },
    "clean-css": {
      "version": "4.2.3",
      "resolved": "https://registry.npmjs.org/clean-css/-/clean-css-4.2.3.tgz",
      "integrity": "sha512-VcMWDN54ZN/DS+g58HYL5/n4Zrqe8vHJpGA8KdgUXFU4fuP/aHNw8eld9SyEIyabIMJX/0RaY/fplOo5hYLSFA==",
      "dev": true,
      "requires": {
        "source-map": "~0.6.0"
      }
    },
    "cliui": {
      "version": "7.0.4",
      "resolved": "https://registry.npmjs.org/cliui/-/cliui-7.0.4.tgz",
      "integrity": "sha512-OcRE68cOsVMXp1Yvonl/fzkQOyjLSu/8bhPDfQt0e0/Eb283TKP20Fs2MqoPsr9SwA595rRCA+QMzYc9nBP+JQ==",
      "dev": true,
      "requires": {
        "string-width": "^4.2.0",
        "strip-ansi": "^6.0.0",
        "wrap-ansi": "^7.0.0"
      }
    },
    "color-convert": {
      "version": "2.0.1",
      "resolved": "https://registry.npmjs.org/color-convert/-/color-convert-2.0.1.tgz",
      "integrity": "sha512-RRECPsj7iu/xb5oKYcsFHSppFNnsj/52OVTRKb4zP5onXwVF3zVmmToNcOfGC+CRDpfK/U584fMg38ZHCaElKQ==",
      "dev": true,
      "requires": {
        "color-name": "~1.1.4"
      }
    },
    "color-name": {
      "version": "1.1.4",
      "resolved": "https://registry.npmjs.org/color-name/-/color-name-1.1.4.tgz",
      "integrity": "sha512-dOy+3AuW3a2wNbZHIuMZpTcgjGuLU/uBL/ubcZF9OXbDo8ff4O8yVp5Bf0efS8uEoYo5q4Fx7dY9OgQGXgAsQA==",
      "dev": true
    },
    "commander": {
      "version": "2.20.3",
      "resolved": "https://registry.npmjs.org/commander/-/commander-2.20.3.tgz",
      "integrity": "sha512-GpVkmM8vF2vQUkj2LvZmD35JxeJOLCwJ9cUkugyk2nuhbv3+mJvpLYYt+0+USMxE+oj+ey/lJEnhZw75x/OMcQ==",
      "dev": true
    },
    "concat-map": {
      "version": "0.0.1",
      "resolved": "https://registry.npmjs.org/concat-map/-/concat-map-0.0.1.tgz",
      "integrity": "sha1-2Klr13/Wjfd5OnMDajug1UBdR3s=",
      "dev": true
    },
    "config-chain": {
      "version": "1.1.13",
      "resolved": "https://registry.npmjs.org/config-chain/-/config-chain-1.1.13.tgz",
      "integrity": "sha512-qj+f8APARXHrM0hraqXYb2/bOVSV4PvJQlNZ/DVj0QrmNM2q2euizkeuVckQ57J+W0mRH6Hvi+k50M4Jul2VRQ==",
      "dev": true,
      "requires": {
        "ini": "^1.3.4",
        "proto-list": "~1.2.1"
      }
    },
    "css-select": {
      "version": "4.1.3",
      "resolved": "https://registry.npmjs.org/css-select/-/css-select-4.1.3.tgz",
      "integrity": "sha512-gT3wBNd9Nj49rAbmtFHj1cljIAOLYSX1nZ8CB7TBO3INYckygm5B7LISU/szY//YmdiSLbJvDLOx9VnMVpMBxA==",
      "dev": true,
      "requires": {
        "boolbase": "^1.0.0",
        "css-what": "^5.0.0",
        "domhandler": "^4.2.0",
        "domutils": "^2.6.0",
        "nth-check": "^2.0.0"
      }
    },
    "css-what": {
      "version": "5.0.1",
      "resolved": "https://registry.npmjs.org/css-what/-/css-what-5.0.1.tgz",
      "integrity": "sha512-FYDTSHb/7KXsWICVsxdmiExPjCfRC4qRFBdVwv7Ax9hMnvMmEjP9RfxTEZ3qPZGmADDn2vAKSo9UcN1jKVYscg==",
      "dev": true
    },
    "detect-node": {
      "version": "2.0.4",
      "resolved": "https://registry.npmjs.org/detect-node/-/detect-node-2.0.4.tgz",
      "integrity": "sha512-ZIzRpLJrOj7jjP2miAtgqIfmzbxa4ZOr5jJc601zklsfEx9oTzmmj2nVpIPRpNlRTIh8lc1kyViIY7BWSGNmKw==",
      "dev": true
    },
    "dom-serializer": {
      "version": "1.3.2",
      "resolved": "https://registry.npmjs.org/dom-serializer/-/dom-serializer-1.3.2.tgz",
      "integrity": "sha512-5c54Bk5Dw4qAxNOI1pFEizPSjVsx5+bpJKmL2kPn8JhBUq2q09tTCa3mjijun2NfK78NMouDYNMBkOrPZiS+ig==",
      "dev": true,
      "requires": {
        "domelementtype": "^2.0.1",
        "domhandler": "^4.2.0",
        "entities": "^2.0.0"
      }
    },
    "domelementtype": {
      "version": "2.2.0",
      "resolved": "https://registry.npmjs.org/domelementtype/-/domelementtype-2.2.0.tgz",
      "integrity": "sha512-DtBMo82pv1dFtUmHyr48beiuq792Sxohr+8Hm9zoxklYPfa6n0Z3Byjj2IV7bmr2IyqClnqEQhfgHJJ5QF0R5A==",
      "dev": true
    },
    "domhandler": {
      "version": "4.2.0",
      "resolved": "https://registry.npmjs.org/domhandler/-/domhandler-4.2.0.tgz",
      "integrity": "sha512-zk7sgt970kzPks2Bf+dwT/PLzghLnsivb9CcxkvR8Mzr66Olr0Ofd8neSbglHJHaHa2MadfoSdNlKYAaafmWfA==",
      "dev": true,
      "requires": {
        "domelementtype": "^2.2.0"
      }
    },
    "domutils": {
      "version": "2.7.0",
      "resolved": "https://registry.npmjs.org/domutils/-/domutils-2.7.0.tgz",
      "integrity": "sha512-8eaHa17IwJUPAiB+SoTYBo5mCdeMgdcAoXJ59m6DT1vw+5iLS3gNoqYaRowaBKtGVrOF1Jz4yDTgYKLK2kvfJg==",
      "dev": true,
      "requires": {
        "dom-serializer": "^1.0.1",
        "domelementtype": "^2.2.0",
        "domhandler": "^4.2.0"
      }
    },
    "editorconfig": {
      "version": "0.15.3",
      "resolved": "https://registry.npmjs.org/editorconfig/-/editorconfig-0.15.3.tgz",
      "integrity": "sha512-M9wIMFx96vq0R4F+gRpY3o2exzb8hEj/n9S8unZtHSvYjibBp/iMufSzvmOcV/laG0ZtuTVGtiJggPOSW2r93g==",
      "dev": true,
      "requires": {
        "commander": "^2.19.0",
        "lru-cache": "^4.1.5",
        "semver": "^5.6.0",
        "sigmund": "^1.0.1"
      }
    },
    "emoji-regex": {
      "version": "8.0.0",
      "resolved": "https://registry.npmjs.org/emoji-regex/-/emoji-regex-8.0.0.tgz",
      "integrity": "sha512-MSjYzcWNOA0ewAHpz0MxpYFvwg6yjy1NG3xteoqz644VCo/RPgnr1/GGt+ic3iJTzQ8Eu3TdM14SawnVUmGE6A==",
      "dev": true
    },
    "entities": {
      "version": "2.2.0",
      "resolved": "https://registry.npmjs.org/entities/-/entities-2.2.0.tgz",
      "integrity": "sha512-p92if5Nz619I0w+akJrLZH0MX0Pb5DX39XOwQTtXSdQQOaYH03S1uIQp4mhOZtAXrxq4ViO67YTiLBo2638o9A==",
      "dev": true
    },
    "escalade": {
      "version": "3.1.1",
      "resolved": "https://registry.npmjs.org/escalade/-/escalade-3.1.1.tgz",
      "integrity": "sha512-k0er2gUkLf8O0zKJiAhmkTnJlTvINGv7ygDNPbeIsX/TJjGJZHuh9B2UxbsaEkmlEo9MfhrSzmhIlhRlI2GXnw==",
      "dev": true
    },
    "escape-goat": {
      "version": "3.0.0",
      "resolved": "https://registry.npmjs.org/escape-goat/-/escape-goat-3.0.0.tgz",
      "integrity": "sha512-w3PwNZJwRxlp47QGzhuEBldEqVHHhh8/tIPcl6ecf2Bou99cdAt0knihBV0Ecc7CGxYduXVBDheH1K2oADRlvw==",
      "dev": true
    },
    "fill-range": {
      "version": "7.0.1",
      "resolved": "https://registry.npmjs.org/fill-range/-/fill-range-7.0.1.tgz",
      "integrity": "sha512-qOo9F+dMUmC2Lcb4BbVvnKJxTPjCm+RRpe4gDuGrzkL7mEVl/djYSu2OdQ2Pa302N4oqkSg9ir6jaLWJ2USVpQ==",
      "dev": true,
      "requires": {
        "to-regex-range": "^5.0.1"
      }
    },
    "fs.realpath": {
      "version": "1.0.0",
      "resolved": "https://registry.npmjs.org/fs.realpath/-/fs.realpath-1.0.0.tgz",
      "integrity": "sha1-FQStJSMVjKpA20onh8sBQRmU6k8=",
      "dev": true
    },
    "fsevents": {
      "version": "2.3.2",
      "resolved": "https://registry.npmjs.org/fsevents/-/fsevents-2.3.2.tgz",
      "integrity": "sha512-xiqMQR4xAeHTuB9uWm+fFRcIOgKBMiOBP+eXiyT7jsgVCq1bkVygt00oASowB7EdtpOHaaPgKt812P9ab+DDKA==",
      "dev": true,
      "optional": true
    },
    "get-caller-file": {
      "version": "2.0.5",
      "resolved": "https://registry.npmjs.org/get-caller-file/-/get-caller-file-2.0.5.tgz",
      "integrity": "sha512-DyFP3BM/3YHTQOCUL/w0OZHR0lpKeGrxotcHWcqNEdnltqFwXVfhEBQ94eIo34AfQpo0rGki4cyIiftY06h2Fg==",
      "dev": true
    },
    "glob": {
      "version": "7.1.7",
      "resolved": "https://registry.npmjs.org/glob/-/glob-7.1.7.tgz",
      "integrity": "sha512-OvD9ENzPLbegENnYP5UUfJIirTg4+XwMWGaQfQTY0JenxNvvIKP3U3/tAQSPIu/lHxXYSZmpXlUHeqAIdKzBLQ==",
      "dev": true,
      "requires": {
        "fs.realpath": "^1.0.0",
        "inflight": "^1.0.4",
        "inherits": "2",
        "minimatch": "^3.0.4",
        "once": "^1.3.0",
        "path-is-absolute": "^1.0.0"
      }
    },
    "glob-parent": {
      "version": "5.1.2",
      "resolved": "https://registry.npmjs.org/glob-parent/-/glob-parent-5.1.2.tgz",
      "integrity": "sha512-AOIgSQCepiJYwP3ARnGx+5VnTu2HBYdzbGP45eLw1vr3zB3vZLeyed1sC9hnbcOc9/SrMyM5RPQrkGz4aS9Zow==",
      "dev": true,
      "requires": {
        "is-glob": "^4.0.1"
      }
    },
    "graphql": {
      "version": "15.5.1",
      "resolved": "https://registry.npmjs.org/graphql/-/graphql-15.5.1.tgz",
      "integrity": "sha512-FeTRX67T3LoE3LWAxxOlW2K3Bz+rMYAC18rRguK4wgXaTZMiJwSUwDmPFo3UadAKbzirKIg5Qy+sNJXbpPRnQw==",
      "dev": true
    },
    "he": {
      "version": "1.2.0",
      "resolved": "https://registry.npmjs.org/he/-/he-1.2.0.tgz",
      "integrity": "sha512-F/1DnUGPopORZi0ni+CvrCgHQ5FyEAHRLSApuYWMmrbSwoN2Mn/7k+Gl38gJnR7yyDZk6WLXwiGod1JOWNDKGw==",
      "dev": true
    },
    "html-minifier": {
      "version": "4.0.0",
      "resolved": "https://registry.npmjs.org/html-minifier/-/html-minifier-4.0.0.tgz",
      "integrity": "sha512-aoGxanpFPLg7MkIl/DDFYtb0iWz7jMFGqFhvEDZga6/4QTjneiD8I/NXL1x5aaoCp7FSIT6h/OhykDdPsbtMig==",
      "dev": true,
      "requires": {
        "camel-case": "^3.0.0",
        "clean-css": "^4.2.1",
        "commander": "^2.19.0",
        "he": "^1.2.0",
        "param-case": "^2.1.1",
        "relateurl": "^0.2.7",
        "uglify-js": "^3.5.1"
      }
    },
    "htmlparser2": {
      "version": "6.1.0",
      "resolved": "https://registry.npmjs.org/htmlparser2/-/htmlparser2-6.1.0.tgz",
      "integrity": "sha512-gyyPk6rgonLFEDGoeRgQNaEUvdJ4ktTmmUh/h2t7s+M8oPpIPxgNACWa+6ESR57kXstwqPiCut0V8NRpcwgU7A==",
      "dev": true,
      "requires": {
        "domelementtype": "^2.0.1",
        "domhandler": "^4.0.0",
        "domutils": "^2.5.2",
        "entities": "^2.0.0"
      }
    },
    "inflight": {
      "version": "1.0.6",
      "resolved": "https://registry.npmjs.org/inflight/-/inflight-1.0.6.tgz",
      "integrity": "sha1-Sb1jMdfQLQwJvJEKEHW6gWW1bfk=",
      "dev": true,
      "requires": {
        "once": "^1.3.0",
        "wrappy": "1"
      }
    },
    "inherits": {
      "version": "2.0.4",
      "resolved": "https://registry.npmjs.org/inherits/-/inherits-2.0.4.tgz",
      "integrity": "sha512-k/vGaX4/Yla3WzyMCvTQOXYeIHvqOKtnqBduzTHpzpQZzAskKMhZ2K+EnBiSM9zGSoIFeMpXKxa4dYeZIQqewQ==",
      "dev": true
    },
    "ini": {
      "version": "1.3.8",
      "resolved": "https://registry.npmjs.org/ini/-/ini-1.3.8.tgz",
      "integrity": "sha512-JV/yugV2uzW5iMRSiZAyDtQd+nxtUnjeLt0acNdw98kKLrvuRVyB80tsREOE7yvGVgalhZ6RNXCmEHkUKBKxew==",
      "dev": true
    },
    "is-binary-path": {
      "version": "2.1.0",
      "resolved": "https://registry.npmjs.org/is-binary-path/-/is-binary-path-2.1.0.tgz",
      "integrity": "sha512-ZMERYes6pDydyuGidse7OsHxtbI7WVeUEozgR/g7rd0xUimYNlvZRE/K2MgZTjWy725IfelLeVcEM97mmtRGXw==",
      "dev": true,
      "requires": {
        "binary-extensions": "^2.0.0"
      }
    },
    "is-extglob": {
      "version": "2.1.1",
      "resolved": "https://registry.npmjs.org/is-extglob/-/is-extglob-2.1.1.tgz",
      "integrity": "sha1-qIwCU1eR8C7TfHahueqXc8gz+MI=",
      "dev": true
    },
    "is-fullwidth-code-point": {
      "version": "3.0.0",
      "resolved": "https://registry.npmjs.org/is-fullwidth-code-point/-/is-fullwidth-code-point-3.0.0.tgz",
      "integrity": "sha512-zymm5+u+sCsSWyD9qNaejV3DFvhCKclKdizYaJUuHA83RLjb7nSuGnddCHGv0hk+KY7BMAlsWeK4Ueg6EV6XQg==",
      "dev": true
    },
    "is-glob": {
      "version": "4.0.1",
      "resolved": "https://registry.npmjs.org/is-glob/-/is-glob-4.0.1.tgz",
      "integrity": "sha512-5G0tKtBTFImOqDnLB2hG6Bp2qcKEFduo4tZu9MT/H6NQv/ghhy30o55ufafxJ/LdH79LLs2Kfrn85TLKyA7BUg==",
      "dev": true,
      "requires": {
        "is-extglob": "^2.1.1"
      }
    },
    "is-number": {
      "version": "7.0.0",
      "resolved": "https://registry.npmjs.org/is-number/-/is-number-7.0.0.tgz",
      "integrity": "sha512-41Cifkg6e8TylSpdtTpeLVMqvSBEVzTttHvERD741+pnZ8ANv0004MRL43QKPDlK9cGvNp6NZWZUBlbGXYxxng==",
      "dev": true
    },
    "js-beautify": {
      "version": "1.14.0",
      "resolved": "https://registry.npmjs.org/js-beautify/-/js-beautify-1.14.0.tgz",
      "integrity": "sha512-yuck9KirNSCAwyNJbqW+BxJqJ0NLJ4PwBUzQQACl5O3qHMBXVkXb/rD0ilh/Lat/tn88zSZ+CAHOlk0DsY7GuQ==",
      "dev": true,
      "requires": {
        "config-chain": "^1.1.12",
        "editorconfig": "^0.15.3",
        "glob": "^7.1.3",
        "nopt": "^5.0.0"
      }
    },
    "juice": {
      "version": "7.0.0",
      "resolved": "https://registry.npmjs.org/juice/-/juice-7.0.0.tgz",
      "integrity": "sha512-AjKQX31KKN+uJs+zaf+GW8mBO/f/0NqSh2moTMyvwBY+4/lXIYTU8D8I2h6BAV3Xnz6GGsbalUyFqbYMe+Vh+Q==",
      "dev": true,
      "requires": {
        "cheerio": "^1.0.0-rc.3",
        "commander": "^5.1.0",
        "mensch": "^0.3.4",
        "slick": "^1.12.2",
        "web-resource-inliner": "^5.0.0"
      },
      "dependencies": {
        "commander": {
          "version": "5.1.0",
          "resolved": "https://registry.npmjs.org/commander/-/commander-5.1.0.tgz",
          "integrity": "sha512-P0CysNDQ7rtVw4QIQtm+MRxV66vKFSvlsQvGYXZWR3qFU0jlMKHZZZgw8e+8DSah4UDKMqnknRDQz+xuQXQ/Zg==",
          "dev": true
        }
      }
    },
    "lodash": {
      "version": "4.17.21",
      "resolved": "https://registry.npmjs.org/lodash/-/lodash-4.17.21.tgz",
      "integrity": "sha512-v2kDEe57lecTulaDIuNTPy3Ry4gLGJ6Z1O3vE1krgXZNrsQ+LFTGHVxVjcXPs17LhbZVGedAJv8XZ1tvj5FvSg==",
      "dev": true
    },
    "lower-case": {
      "version": "1.1.4",
      "resolved": "https://registry.npmjs.org/lower-case/-/lower-case-1.1.4.tgz",
      "integrity": "sha1-miyr0bno4K6ZOkv31YdcOcQujqw=",
      "dev": true
    },
    "lru-cache": {
      "version": "4.1.5",
      "resolved": "https://registry.npmjs.org/lru-cache/-/lru-cache-4.1.5.tgz",
      "integrity": "sha512-sWZlbEP2OsHNkXrMl5GYk/jKk70MBng6UU4YI/qGDYbgf6YbP4EvmqISbXCoJiRKs+1bSpFHVgQxvJ17F2li5g==",
      "dev": true,
      "requires": {
        "pseudomap": "^1.0.2",
        "yallist": "^2.1.2"
      }
    },
    "mensch": {
      "version": "0.3.4",
      "resolved": "https://registry.npmjs.org/mensch/-/mensch-0.3.4.tgz",
      "integrity": "sha512-IAeFvcOnV9V0Yk+bFhYR07O3yNina9ANIN5MoXBKYJ/RLYPurd2d0yw14MDhpr9/momp0WofT1bPUh3hkzdi/g==",
      "dev": true
    },
    "mime": {
      "version": "2.5.2",
      "resolved": "https://registry.npmjs.org/mime/-/mime-2.5.2.tgz",
      "integrity": "sha512-tqkh47FzKeCPD2PUiPB6pkbMzsCasjxAfC62/Wap5qrUWcb+sFasXUC5I3gYM5iBM8v/Qpn4UK0x+j0iHyFPDg==",
      "dev": true
    },
    "minimatch": {
      "version": "3.0.4",
      "resolved": "https://registry.npmjs.org/minimatch/-/minimatch-3.0.4.tgz",
      "integrity": "sha512-yJHVQEhyqPLUTgt9B83PXu6W3rx4MvvHvSUvToogpwoGDOUQ+yDrR0HRot+yOCdCO7u4hX3pWft6kWBBcqh0UA==",
      "dev": true,
      "requires": {
        "brace-expansion": "^1.1.7"
      }
    },
    "mjml": {
      "version": "4.10.2",
      "resolved": "https://registry.npmjs.org/mjml/-/mjml-4.10.2.tgz",
      "integrity": "sha512-KVFcTl3AaugIbGRKeqqzjHebp8PTFpteUy3otaRGbrYgKMv+AHzwCMMOptkU9qknJBMCJb+ZUSc9FvOc+bbp4A==",
      "dev": true,
      "requires": {
        "@babel/runtime": "^7.14.6",
        "mjml-cli": "4.10.2",
        "mjml-core": "4.10.2",
        "mjml-migrate": "4.10.2",
        "mjml-preset-core": "4.10.2",
        "mjml-validator": "4.10.2"
      }
    },
    "mjml-accordion": {
      "version": "4.10.2",
      "resolved": "https://registry.npmjs.org/mjml-accordion/-/mjml-accordion-4.10.2.tgz",
      "integrity": "sha512-32nPtx7zH2wdiIQ8wHoIYnIlXhDDwRoGWhm6Rc4uszB4CPYTIsh7vOXOlhLsXgKrWKTdYOD/TIxZcbyvBl4sIA==",
      "dev": true,
      "requires": {
        "@babel/runtime": "^7.8.7",
        "lodash": "^4.17.21",
        "mjml-core": "4.10.2"
      }
    },
    "mjml-body": {
      "version": "4.10.2",
      "resolved": "https://registry.npmjs.org/mjml-body/-/mjml-body-4.10.2.tgz",
      "integrity": "sha512-G80iK31hhm/DL40H4VSch0gtDpNBa7Pmj5ZJDnSkIrawgoKU+2qMD/fjlRTF2x+cxBLXSCKWpeH9bdompcs0pw==",
      "dev": true,
      "requires": {
        "@babel/runtime": "^7.8.7",
        "lodash": "^4.17.21",
        "mjml-core": "4.10.2"
      }
    },
    "mjml-button": {
      "version": "4.10.2",
      "resolved": "https://registry.npmjs.org/mjml-button/-/mjml-button-4.10.2.tgz",
      "integrity": "sha512-q26UJPb80RGN0oVu9mYEutBKMY1e7AwZfT14k7lRA7+NznW/ASbj8B02IgI1nAW5Et5xK7Fr8ThICkuny7RR5A==",
      "dev": true,
      "requires": {
        "@babel/runtime": "^7.8.7",
        "lodash": "^4.17.21",
        "mjml-core": "4.10.2"
      }
    },
    "mjml-carousel": {
      "version": "4.10.2",
      "resolved": "https://registry.npmjs.org/mjml-carousel/-/mjml-carousel-4.10.2.tgz",
      "integrity": "sha512-WfJ6owuKdFVEmzlW/VluB4cxYoWH7IjcH44z9pvq5LrrgfMssyvbnEpkkZTFNQKKCIrBmdXsjDDt9Ex5oJREGw==",
      "dev": true,
      "requires": {
        "@babel/runtime": "^7.8.7",
        "lodash": "^4.17.21",
        "mjml-core": "4.10.2"
      }
    },
    "mjml-cli": {
      "version": "4.10.2",
      "resolved": "https://registry.npmjs.org/mjml-cli/-/mjml-cli-4.10.2.tgz",
      "integrity": "sha512-tRuiv0ZvuqSJjx67fpxSA8wHEoAsoZ2cLO1w2JiX5lBDXZp5oF8EJ65HPNX6sWyEgu1nKY+9bl7XG3YBUwg80w==",
      "dev": true,
      "requires": {
        "@babel/runtime": "^7.8.7",
        "chokidar": "^3.0.0",
        "glob": "^7.1.1",
        "html-minifier": "^4.0.0",
        "js-beautify": "^1.6.14",
        "lodash": "^4.17.21",
        "mjml-core": "4.10.2",
        "mjml-migrate": "4.10.2",
        "mjml-parser-xml": "4.10.2",
        "mjml-validator": "4.10.2",
        "yargs": "^16.1.0"
      }
    },
    "mjml-column": {
      "version": "4.10.2",
      "resolved": "https://registry.npmjs.org/mjml-column/-/mjml-column-4.10.2.tgz",
      "integrity": "sha512-53hGPWTrNPEhY0Kb9Gu/bOoFs86q0k/UvZGxV47oCHSyIRYgfzG7FyaJDYrt+gxFe6hLJAZjQIoXEpZ8683xxw==",
      "dev": true,
      "requires": {
        "@babel/runtime": "^7.8.7",
        "lodash": "^4.17.21",
        "mjml-core": "4.10.2"
      }
    },
    "mjml-core": {
      "version": "4.10.2",
      "resolved": "https://registry.npmjs.org/mjml-core/-/mjml-core-4.10.2.tgz",
      "integrity": "sha512-RsPCIUqQ1r8gysvljssU2pcScMfMBZnu1JQs2IO3QAlUEELd+sd3Mz/1u4MEWP7vWoUSRDlbJjZIPr1606g70A==",
      "dev": true,
      "requires": {
        "@babel/runtime": "^7.8.7",
        "cheerio": "1.0.0-rc.10",
        "detect-node": "2.0.4",
        "html-minifier": "^4.0.0",
        "js-beautify": "^1.6.14",
        "juice": "^7.0.0",
        "lodash": "^4.17.21",
        "mjml-migrate": "4.10.2",
        "mjml-parser-xml": "4.10.2",
        "mjml-validator": "4.10.2"
      }
    },
    "mjml-divider": {
      "version": "4.10.2",
      "resolved": "https://registry.npmjs.org/mjml-divider/-/mjml-divider-4.10.2.tgz",
      "integrity": "sha512-2NGg80/PQVmXpESIWMOiT1c1p3811JpsdFnmXJfiXvwH5hIW3oEyLOB4e9WTXqeVOypcUI32PhR25emOr+Udww==",
      "dev": true,
      "requires": {
        "@babel/runtime": "^7.8.7",
        "lodash": "^4.17.21",
        "mjml-core": "4.10.2"
      }
    },
    "mjml-group": {
      "version": "4.10.2",
      "resolved": "https://registry.npmjs.org/mjml-group/-/mjml-group-4.10.2.tgz",
      "integrity": "sha512-U7XLiqOwgJDJhimlHAW/6ar0nkpuwwBmrYsEUl1q1kEhX2pDld+Wia4GeVBdRGiWGrFMWW3lgkRmOqs2bMSWEg==",
      "dev": true,
      "requires": {
        "@babel/runtime": "^7.8.7",
        "lodash": "^4.17.21",
        "mjml-core": "4.10.2"
      }
    },
    "mjml-head": {
      "version": "4.10.2",
      "resolved": "https://registry.npmjs.org/mjml-head/-/mjml-head-4.10.2.tgz",
      "integrity": "sha512-70HJc1x7agRVxggUyrBjHZh1bUt43GH0SjlmKgIivaGXKGQEd+1d+0m+aZesY7zplQXN7IBI5qBRZmgIfW+FLQ==",
      "dev": true,
      "requires": {
        "@babel/runtime": "^7.8.7",
        "lodash": "^4.17.21",
        "mjml-core": "4.10.2"
      }
    },
    "mjml-head-attributes": {
      "version": "4.10.2",
      "resolved": "https://registry.npmjs.org/mjml-head-attributes/-/mjml-head-attributes-4.10.2.tgz",
      "integrity": "sha512-B+GXQK9NCun/RZMHsGrbzNVJM9g+Pni6xDu4CtytdHjOSY4m99cB+fAa3bPX/dxXWEnaRrsR41ReP49NZrO+pQ==",
      "dev": true,
      "requires": {
        "@babel/runtime": "^7.8.7",
        "lodash": "^4.17.21",
        "mjml-core": "4.10.2"
      }
    },
    "mjml-head-breakpoint": {
      "version": "4.10.2",
      "resolved": "https://registry.npmjs.org/mjml-head-breakpoint/-/mjml-head-breakpoint-4.10.2.tgz",
      "integrity": "sha512-omAZRnPtuhx2OHND5guvHvt7Vb94nWO+x/Jupd09gfzapz32mcN15qGQERH33oqfSSZl0paDUDPy53xjXWAkgA==",
      "dev": true,
      "requires": {
        "@babel/runtime": "^7.8.7",
        "lodash": "^4.17.21",
        "mjml-core": "4.10.2"
      }
    },
    "mjml-head-font": {
      "version": "4.10.2",
      "resolved": "https://registry.npmjs.org/mjml-head-font/-/mjml-head-font-4.10.2.tgz",
      "integrity": "sha512-yDcM6mR0qBd8jZ59nYMvXwz53vw0eW1S+vqtaRq1s6TvmtiMy9Gf6TLcbdFDxUbxjKVVSwK9plSqqTwfiHUc2w==",
      "dev": true,
      "requires": {
        "@babel/runtime": "^7.8.7",
        "lodash": "^4.17.21",
        "mjml-core": "4.10.2"
      }
    },
    "mjml-head-html-attributes": {
      "version": "4.10.2",
      "resolved": "https://registry.npmjs.org/mjml-head-html-attributes/-/mjml-head-html-attributes-4.10.2.tgz",
      "integrity": "sha512-zUXs3CA5K4lPyYwF/DhF4isBzqFDTaJp0IURhfF5RAZGQDxQw8W1WPGwjtCgnOKqwMRaIPHBPoHusKqcWGr+mg==",
      "dev": true,
      "requires": {
        "@babel/runtime": "^7.8.7",
        "lodash": "^4.17.21",
        "mjml-core": "4.10.2"
      }
    },
    "mjml-head-preview": {
      "version": "4.10.2",
      "resolved": "https://registry.npmjs.org/mjml-head-preview/-/mjml-head-preview-4.10.2.tgz",
      "integrity": "sha512-ko3fxPhpztvqOiwQOLd4aB+cyls2fLxEAShZvaF7PAu02nmmwNCPJnKRAvm/WFqJT8PIGO32AqKb3gupTrKFrQ==",
      "dev": true,
      "requires": {
        "@babel/runtime": "^7.8.7",
        "lodash": "^4.17.21",
        "mjml-core": "4.10.2"
      }
    },
    "mjml-head-style": {
      "version": "4.10.2",
      "resolved": "https://registry.npmjs.org/mjml-head-style/-/mjml-head-style-4.10.2.tgz",
      "integrity": "sha512-ut27xxYTau37fCO3TN3Y9HzJhhvtH92jOq+F8r8mbP7achrR+ToGphCxmKYMSnZ5zOwzDqq9GV1/xQCCudZAhQ==",
      "dev": true,
      "requires": {
        "@babel/runtime": "^7.8.7",
        "lodash": "^4.17.21",
        "mjml-core": "4.10.2"
      }
    },
    "mjml-head-title": {
      "version": "4.10.2",
      "resolved": "https://registry.npmjs.org/mjml-head-title/-/mjml-head-title-4.10.2.tgz",
      "integrity": "sha512-ZBQ8FQzuDrfcr5b27Xq8SR0VM8up7CjSsrCiP4N7aBYwrwdRD9zDjr0VfqCGTDV+bxFnpoCwjv2dsWPfJRzr2Q==",
      "dev": true,
      "requires": {
        "@babel/runtime": "^7.8.7",
        "lodash": "^4.17.21",
        "mjml-core": "4.10.2"
      }
    },
    "mjml-hero": {
      "version": "4.10.2",
      "resolved": "https://registry.npmjs.org/mjml-hero/-/mjml-hero-4.10.2.tgz",
      "integrity": "sha512-fPA80s3eOEW3Y1YxgPfHDhNe5fGd+zelOhg7lGyO5QTH/diXu3ElkScPXMt7NeEz9vTnHLpwsygdp1X7rEJimA==",
      "dev": true,
      "requires": {
        "@babel/runtime": "^7.8.7",
        "lodash": "^4.17.21",
        "mjml-core": "4.10.2"
      }
    },
    "mjml-image": {
      "version": "4.10.2",
      "resolved": "https://registry.npmjs.org/mjml-image/-/mjml-image-4.10.2.tgz",
      "integrity": "sha512-gmo5UQNAE2NfpSydwLwPoIRVtxKX/P34OMQwgc83bMasbigyJPU/mjJt/1NYfNQa+s4jD1IOiQmxBgV7b9UalA==",
      "dev": true,
      "requires": {
        "@babel/runtime": "^7.8.7",
        "lodash": "^4.17.21",
        "mjml-core": "4.10.2"
      }
    },
    "mjml-migrate": {
      "version": "4.10.2",
      "resolved": "https://registry.npmjs.org/mjml-migrate/-/mjml-migrate-4.10.2.tgz",
      "integrity": "sha512-7b7HZG7H4ffl/HS/Qg6kDGgTpaF+HLDAi7eZDvfah20zkq8GYyOWo8OZek5ALXk6gwmszVBkhRhbB/r6DVvyqA==",
      "dev": true,
      "requires": {
        "@babel/runtime": "^7.8.7",
        "js-beautify": "^1.6.14",
        "lodash": "^4.17.21",
        "mjml-core": "4.10.2",
        "mjml-parser-xml": "4.10.2",
        "yargs": "^16.1.0"
      }
    },
    "mjml-navbar": {
      "version": "4.10.2",
      "resolved": "https://registry.npmjs.org/mjml-navbar/-/mjml-navbar-4.10.2.tgz",
      "integrity": "sha512-V/csnQDZSCUDh+/WTicTbB7TwjIah0UIoTIDz5NQq7BCXFDClVTvdm06pVamt1pUy+/0slVOLRDl7LTZ53Rc2A==",
      "dev": true,
      "requires": {
        "@babel/runtime": "^7.8.7",
        "lodash": "^4.17.21",
        "mjml-core": "4.10.2"
      }
    },
    "mjml-parser-xml": {
      "version": "4.10.2",
      "resolved": "https://registry.npmjs.org/mjml-parser-xml/-/mjml-parser-xml-4.10.2.tgz",
      "integrity": "sha512-kbWjT7zOTApLBCActvVTqkKgSol4y3tSYjVIZYBlRPViP5ZLw+I1nWRCTji9hQoQ/tGgqSXEIKa7+n9IIW+Zww==",
      "dev": true,
      "requires": {
        "@babel/runtime": "^7.8.7",
        "detect-node": "2.0.4",
        "htmlparser2": "^4.1.0",
        "lodash": "^4.17.15"
      },
      "dependencies": {
        "domhandler": {
          "version": "3.3.0",
          "resolved": "https://registry.npmjs.org/domhandler/-/domhandler-3.3.0.tgz",
          "integrity": "sha512-J1C5rIANUbuYK+FuFL98650rihynUOEzRLxW+90bKZRWB6A1X1Tf82GxR1qAWLyfNPRvjqfip3Q5tdYlmAa9lA==",
          "dev": true,
          "requires": {
            "domelementtype": "^2.0.1"
          }
        },
        "htmlparser2": {
          "version": "4.1.0",
          "resolved": "https://registry.npmjs.org/htmlparser2/-/htmlparser2-4.1.0.tgz",
          "integrity": "sha512-4zDq1a1zhE4gQso/c5LP1OtrhYTncXNSpvJYtWJBtXAETPlMfi3IFNjGuQbYLuVY4ZR0QMqRVvo4Pdy9KLyP8Q==",
          "dev": true,
          "requires": {
            "domelementtype": "^2.0.1",
            "domhandler": "^3.0.0",
            "domutils": "^2.0.0",
            "entities": "^2.0.0"
          }
        }
      }
    },
    "mjml-preset-core": {
      "version": "4.10.2",
      "resolved": "https://registry.npmjs.org/mjml-preset-core/-/mjml-preset-core-4.10.2.tgz",
      "integrity": "sha512-rqKEphVPYbT78wXiRZm8WK7q86GZtSdMV7sQHuRYu+++AAUNlFkZUxvnNmZtKt2KupHGoz18oBErF5z3WIesvg==",
      "dev": true,
      "requires": {
        "@babel/runtime": "^7.8.7",
        "mjml-accordion": "4.10.2",
        "mjml-body": "4.10.2",
        "mjml-button": "4.10.2",
        "mjml-carousel": "4.10.2",
        "mjml-column": "4.10.2",
        "mjml-divider": "4.10.2",
        "mjml-group": "4.10.2",
        "mjml-head": "4.10.2",
        "mjml-head-attributes": "4.10.2",
        "mjml-head-breakpoint": "4.10.2",
        "mjml-head-font": "4.10.2",
        "mjml-head-html-attributes": "4.10.2",
        "mjml-head-preview": "4.10.2",
        "mjml-head-style": "4.10.2",
        "mjml-head-title": "4.10.2",
        "mjml-hero": "4.10.2",
        "mjml-image": "4.10.2",
        "mjml-navbar": "4.10.2",
        "mjml-raw": "4.10.2",
        "mjml-section": "4.10.2",
        "mjml-social": "4.10.2",
        "mjml-spacer": "4.10.2",
        "mjml-table": "4.10.2",
        "mjml-text": "4.10.2",
        "mjml-wrapper": "4.10.2"
      }
    },
    "mjml-raw": {
      "version": "4.10.2",
      "resolved": "https://registry.npmjs.org/mjml-raw/-/mjml-raw-4.10.2.tgz",
      "integrity": "sha512-jLkO6Q09Pyc/Izj7bOMmhSCiWuHfAbqoq0oKqWtzgSv2gw2yBSmaMHFyMqAsE3Tlm4NkPxWRLCahoswk4doUGg==",
      "dev": true,
      "requires": {
        "@babel/runtime": "^7.8.7",
        "lodash": "^4.17.21",
        "mjml-core": "4.10.2"
      }
    },
    "mjml-section": {
      "version": "4.10.2",
      "resolved": "https://registry.npmjs.org/mjml-section/-/mjml-section-4.10.2.tgz",
      "integrity": "sha512-wWTjKt+8Anm6MQUCuE/0ecHy1mt9JxShCR7BmGaO/hq0p1OqaUfveOpg1diod5TudHg9oT/f6ipyXCTSebVYIQ==",
      "dev": true,
      "requires": {
        "@babel/runtime": "^7.8.7",
        "lodash": "^4.17.21",
        "mjml-core": "4.10.2"
      }
    },
    "mjml-social": {
      "version": "4.10.2",
      "resolved": "https://registry.npmjs.org/mjml-social/-/mjml-social-4.10.2.tgz",
      "integrity": "sha512-rZexXYp+qgT4E+WGAvt622RxD+sp/ZL7WdRYvF9U/8bQMhnUfVFI6UCZA2UNoby0v4g0JNO4pv0oGzXbAhl6lQ==",
      "dev": true,
      "requires": {
        "@babel/runtime": "^7.8.7",
        "lodash": "^4.17.21",
        "mjml-core": "4.10.2"
      }
    },
    "mjml-spacer": {
      "version": "4.10.2",
      "resolved": "https://registry.npmjs.org/mjml-spacer/-/mjml-spacer-4.10.2.tgz",
      "integrity": "sha512-md5bbtEfvPE+EGGnfXOe+9lnpbHqkzXAq/51YxRYhW5Zr/iT9NyN3VWbqkOruKXztzKFlkL7u2aq+NBKJJiFMA==",
      "dev": true,
      "requires": {
        "@babel/runtime": "^7.8.7",
        "lodash": "^4.17.21",
        "mjml-core": "4.10.2"
      }
    },
    "mjml-table": {
      "version": "4.10.2",
      "resolved": "https://registry.npmjs.org/mjml-table/-/mjml-table-4.10.2.tgz",
      "integrity": "sha512-VSVptHIarlxMshAcLq1F/jqFkqVS61amXmtyMcFWqKcYEVrDVwfi7knB/P/BacsbZ3RJaG0KkkK9dTsP1UShzw==",
      "dev": true,
      "requires": {
        "@babel/runtime": "^7.8.7",
        "lodash": "^4.17.21",
        "mjml-core": "4.10.2"
      }
    },
    "mjml-text": {
      "version": "4.10.2",
      "resolved": "https://registry.npmjs.org/mjml-text/-/mjml-text-4.10.2.tgz",
      "integrity": "sha512-fxtzpLCFHuDFecS+CQBIbGdBPx3xyKZx1RfHJjjmjeX0dzoQvud4LiEmegqXted7tiUJ8yBI8vp1KfnIzxmyjA==",
      "dev": true,
      "requires": {
        "@babel/runtime": "^7.8.7",
        "lodash": "^4.17.21",
        "mjml-core": "4.10.2"
      }
    },
    "mjml-validator": {
      "version": "4.10.2",
      "resolved": "https://registry.npmjs.org/mjml-validator/-/mjml-validator-4.10.2.tgz",
      "integrity": "sha512-6CIJ3iCnXRwy+z0GGpUZuVwBS7mW8/oZ0U2jnV9L8WVQiIAHPcilnRgR4yIcE6SvQ724XEnAu/za7rq6C5UBhA==",
      "dev": true,
      "requires": {
        "@babel/runtime": "^7.8.7"
      }
    },
    "mjml-wrapper": {
      "version": "4.10.2",
      "resolved": "https://registry.npmjs.org/mjml-wrapper/-/mjml-wrapper-4.10.2.tgz",
      "integrity": "sha512-JkU92wHRyR6lh8GyovxJUrzY2JViIrDrU6bjewqDrm5Oi3fupck1kNEGRIR7ewzWLgGtlYcAjk1Myt9wcCeeZw==",
      "dev": true,
      "requires": {
        "@babel/runtime": "^7.8.7",
        "lodash": "^4.17.21",
        "mjml-core": "4.10.2",
        "mjml-section": "4.10.2"
      }
    },
    "no-case": {
      "version": "2.3.2",
      "resolved": "https://registry.npmjs.org/no-case/-/no-case-2.3.2.tgz",
      "integrity": "sha512-rmTZ9kz+f3rCvK2TD1Ue/oZlns7OGoIWP4fc3llxxRXlOkHKoWPPWJOfFYpITabSow43QJbRIoHQXtt10VldyQ==",
      "dev": true,
      "requires": {
        "lower-case": "^1.1.1"
      }
    },
    "node-fetch": {
      "version": "2.6.1",
      "resolved": "https://registry.npmjs.org/node-fetch/-/node-fetch-2.6.1.tgz",
      "integrity": "sha512-V4aYg89jEoVRxRb2fJdAg8FHvI7cEyYdVAh94HH0UIK8oJxUfkjlDQN9RbMx+bEjP7+ggMiFRprSti032Oipxw==",
      "dev": true
    },
    "nopt": {
      "version": "5.0.0",
      "resolved": "https://registry.npmjs.org/nopt/-/nopt-5.0.0.tgz",
      "integrity": "sha512-Tbj67rffqceeLpcRXrT7vKAN8CwfPeIBgM7E6iBkmKLV7bEMwpGgYLGv0jACUsECaa/vuxP0IjEont6umdMgtQ==",
      "dev": true,
      "requires": {
        "abbrev": "1"
      }
    },
    "normalize-path": {
      "version": "3.0.0",
      "resolved": "https://registry.npmjs.org/normalize-path/-/normalize-path-3.0.0.tgz",
      "integrity": "sha512-6eZs5Ls3WtCisHWp9S2GUy8dqkpGi4BVSz3GaqiE6ezub0512ESztXUwUB6C6IKbQkY2Pnb/mD4WYojCRwcwLA==",
      "dev": true
    },
    "nth-check": {
      "version": "2.0.1",
      "resolved": "https://registry.npmjs.org/nth-check/-/nth-check-2.0.1.tgz",
      "integrity": "sha512-it1vE95zF6dTT9lBsYbxvqh0Soy4SPowchj0UBGj/V6cTPnXXtQOPUbhZ6CmGzAD/rW22LQK6E96pcdJXk4A4w==",
      "dev": true,
      "requires": {
        "boolbase": "^1.0.0"
      }
    },
    "once": {
      "version": "1.4.0",
      "resolved": "https://registry.npmjs.org/once/-/once-1.4.0.tgz",
      "integrity": "sha1-WDsap3WWHUsROsF9nFC6753Xa9E=",
      "dev": true,
      "requires": {
        "wrappy": "1"
      }
    },
    "param-case": {
      "version": "2.1.1",
      "resolved": "https://registry.npmjs.org/param-case/-/param-case-2.1.1.tgz",
      "integrity": "sha1-35T9jPZTHs915r75oIWPvHK+Ikc=",
      "dev": true,
      "requires": {
        "no-case": "^2.2.0"
      }
    },
    "parse5": {
      "version": "6.0.1",
      "resolved": "https://registry.npmjs.org/parse5/-/parse5-6.0.1.tgz",
      "integrity": "sha512-Ofn/CTFzRGTTxwpNEs9PP93gXShHcTq255nzRYSKe8AkVpZY7e1fpmTfOyoIvjP5HG7Z2ZM7VS9PPhQGW2pOpw==",
      "dev": true
    },
    "parse5-htmlparser2-tree-adapter": {
      "version": "6.0.1",
      "resolved": "https://registry.npmjs.org/parse5-htmlparser2-tree-adapter/-/parse5-htmlparser2-tree-adapter-6.0.1.tgz",
      "integrity": "sha512-qPuWvbLgvDGilKc5BoicRovlT4MtYT6JfJyBOMDsKoiT+GiuP5qyrPCnR9HcPECIJJmZh5jRndyNThnhhb/vlA==",
      "dev": true,
      "requires": {
        "parse5": "^6.0.1"
      }
    },
    "path-is-absolute": {
      "version": "1.0.1",
      "resolved": "https://registry.npmjs.org/path-is-absolute/-/path-is-absolute-1.0.1.tgz",
      "integrity": "sha1-F0uSaHNVNP+8es5r9TpanhtcX18=",
      "dev": true
    },
    "picomatch": {
      "version": "2.3.0",
      "resolved": "https://registry.npmjs.org/picomatch/-/picomatch-2.3.0.tgz",
      "integrity": "sha512-lY1Q/PiJGC2zOv/z391WOTD+Z02bCgsFfvxoXXf6h7kv9o+WmsmzYqrAwY63sNgOxE4xEdq0WyUnXfKeBrSvYw==",
      "dev": true
    },
    "proto-list": {
      "version": "1.2.4",
      "resolved": "https://registry.npmjs.org/proto-list/-/proto-list-1.2.4.tgz",
      "integrity": "sha1-IS1b/hMYMGpCD2QCuOJv85ZHqEk=",
      "dev": true
    },
    "pseudomap": {
      "version": "1.0.2",
      "resolved": "https://registry.npmjs.org/pseudomap/-/pseudomap-1.0.2.tgz",
      "integrity": "sha1-8FKijacOYYkX7wqKw0wa5aaChrM=",
      "dev": true
    },
    "readdirp": {
      "version": "3.6.0",
      "resolved": "https://registry.npmjs.org/readdirp/-/readdirp-3.6.0.tgz",
      "integrity": "sha512-hOS089on8RduqdbhvQ5Z37A0ESjsqz6qnRcffsMU3495FuTdqSm+7bhJ29JvIOsBDEEnan5DPu9t3To9VRlMzA==",
      "dev": true,
      "requires": {
        "picomatch": "^2.2.1"
      }
    },
    "regenerator-runtime": {
      "version": "0.13.9",
      "resolved": "https://registry.npmjs.org/regenerator-runtime/-/regenerator-runtime-0.13.9.tgz",
      "integrity": "sha512-p3VT+cOEgxFsRRA9X4lkI1E+k2/CtnKtU4gcxyaCUreilL/vqI6CdZ3wxVUx3UOUg+gnUOQQcRI7BmSI656MYA==",
      "dev": true
    },
    "relateurl": {
      "version": "0.2.7",
      "resolved": "https://registry.npmjs.org/relateurl/-/relateurl-0.2.7.tgz",
      "integrity": "sha1-VNvzd+UUQKypCkzSdGANP/LYiKk=",
      "dev": true
    },
    "require-directory": {
      "version": "2.1.1",
      "resolved": "https://registry.npmjs.org/require-directory/-/require-directory-2.1.1.tgz",
      "integrity": "sha1-jGStX9MNqxyXbiNE/+f3kqam30I=",
      "dev": true
    },
    "semver": {
      "version": "5.7.1",
      "resolved": "https://registry.npmjs.org/semver/-/semver-5.7.1.tgz",
      "integrity": "sha512-sauaDf/PZdVgrLTNYHRtpXa1iRiKcaebiKQ1BJdpQlWH2lCvexQdX55snPFyK7QzpudqbCI0qXFfOasHdyNDGQ==",
      "dev": true
    },
    "sigmund": {
      "version": "1.0.1",
      "resolved": "https://registry.npmjs.org/sigmund/-/sigmund-1.0.1.tgz",
      "integrity": "sha1-P/IfGYytIXX587eBhT/ZTQ0ZtZA=",
      "dev": true
    },
    "slick": {
      "version": "1.12.2",
      "resolved": "https://registry.npmjs.org/slick/-/slick-1.12.2.tgz",
      "integrity": "sha1-vQSN23TefRymkV+qSldXCzVQwtc=",
      "dev": true
    },
    "source-map": {
      "version": "0.6.1",
      "resolved": "https://registry.npmjs.org/source-map/-/source-map-0.6.1.tgz",
      "integrity": "sha512-UjgapumWlbMhkBgzT7Ykc5YXUT46F0iKu8SGXq0bcwP5dz/h0Plj6enJqjz1Zbq2l5WaqYnrVbwWOWMyF3F47g==",
      "dev": true
    },
    "string-width": {
      "version": "4.2.2",
      "resolved": "https://registry.npmjs.org/string-width/-/string-width-4.2.2.tgz",
      "integrity": "sha512-XBJbT3N4JhVumXE0eoLU9DCjcaF92KLNqTmFCnG1pf8duUxFGwtP6AD6nkjw9a3IdiRtL3E2w3JDiE/xi3vOeA==",
      "dev": true,
      "requires": {
        "emoji-regex": "^8.0.0",
        "is-fullwidth-code-point": "^3.0.0",
        "strip-ansi": "^6.0.0"
      }
    },
    "strip-ansi": {
      "version": "6.0.0",
      "resolved": "https://registry.npmjs.org/strip-ansi/-/strip-ansi-6.0.0.tgz",
      "integrity": "sha512-AuvKTrTfQNYNIctbR1K/YGTR1756GycPsg7b9bdV9Duqur4gv6aKqHXah67Z8ImS7WEz5QVcOtlfW2rZEugt6w==",
      "dev": true,
      "requires": {
        "ansi-regex": "^5.0.0"
      }
    },
    "to-regex-range": {
      "version": "5.0.1",
      "resolved": "https://registry.npmjs.org/to-regex-range/-/to-regex-range-5.0.1.tgz",
      "integrity": "sha512-65P7iz6X5yEr1cwcgvQxbbIw7Uk3gOy5dIdtZ4rDveLqhrdJP+Li/Hx6tyK0NEb+2GCyneCMJiGqrADCSNk8sQ==",
      "dev": true,
      "requires": {
        "is-number": "^7.0.0"
      }
    },
    "tslib": {
      "version": "2.3.0",
      "resolved": "https://registry.npmjs.org/tslib/-/tslib-2.3.0.tgz",
      "integrity": "sha512-N82ooyxVNm6h1riLCoyS9e3fuJ3AMG2zIZs2Gd1ATcSFjSA23Q0fzjjZeh0jbJvWVDZ0cJT8yaNNaaXHzueNjg==",
      "dev": true
    },
    "uglify-js": {
      "version": "3.14.1",
      "resolved": "https://registry.npmjs.org/uglify-js/-/uglify-js-3.14.1.tgz",
      "integrity": "sha512-JhS3hmcVaXlp/xSo3PKY5R0JqKs5M3IV+exdLHW99qKvKivPO4Z8qbej6mte17SOPqAOVMjt/XGgWacnFSzM3g==",
      "dev": true
    },
    "upper-case": {
      "version": "1.1.3",
      "resolved": "https://registry.npmjs.org/upper-case/-/upper-case-1.1.3.tgz",
      "integrity": "sha1-9rRQHC7EzdJrp4vnIilh3ndiFZg=",
      "dev": true
    },
    "valid-data-url": {
      "version": "3.0.1",
      "resolved": "https://registry.npmjs.org/valid-data-url/-/valid-data-url-3.0.1.tgz",
      "integrity": "sha512-jOWVmzVceKlVVdwjNSenT4PbGghU0SBIizAev8ofZVgivk/TVHXSbNL8LP6M3spZvkR9/QolkyJavGSX5Cs0UA==",
      "dev": true
    },
    "web-resource-inliner": {
      "version": "5.0.0",
      "resolved": "https://registry.npmjs.org/web-resource-inliner/-/web-resource-inliner-5.0.0.tgz",
      "integrity": "sha512-AIihwH+ZmdHfkJm7BjSXiEClVt4zUFqX4YlFAzjL13wLtDuUneSaFvDBTbdYRecs35SiU7iNKbMnN+++wVfb6A==",
      "dev": true,
      "requires": {
        "ansi-colors": "^4.1.1",
        "escape-goat": "^3.0.0",
        "htmlparser2": "^4.0.0",
        "mime": "^2.4.6",
        "node-fetch": "^2.6.0",
        "valid-data-url": "^3.0.0"
      },
      "dependencies": {
        "domhandler": {
          "version": "3.3.0",
          "resolved": "https://registry.npmjs.org/domhandler/-/domhandler-3.3.0.tgz",
          "integrity": "sha512-J1C5rIANUbuYK+FuFL98650rihynUOEzRLxW+90bKZRWB6A1X1Tf82GxR1qAWLyfNPRvjqfip3Q5tdYlmAa9lA==",
          "dev": true,
          "requires": {
            "domelementtype": "^2.0.1"
          }
        },
        "htmlparser2": {
          "version": "4.1.0",
          "resolved": "https://registry.npmjs.org/htmlparser2/-/htmlparser2-4.1.0.tgz",
          "integrity": "sha512-4zDq1a1zhE4gQso/c5LP1OtrhYTncXNSpvJYtWJBtXAETPlMfi3IFNjGuQbYLuVY4ZR0QMqRVvo4Pdy9KLyP8Q==",
          "dev": true,
          "requires": {
            "domelementtype": "^2.0.1",
            "domhandler": "^3.0.0",
            "domutils": "^2.0.0",
            "entities": "^2.0.0"
          }
        }
      }
    },
    "wrap-ansi": {
      "version": "7.0.0",
      "resolved": "https://registry.npmjs.org/wrap-ansi/-/wrap-ansi-7.0.0.tgz",
      "integrity": "sha512-YVGIj2kamLSTxw6NsZjoBxfSwsn0ycdesmc4p+Q21c5zPuZ1pl+NfxVdxPtdHvmNVOQ6XSYG4AUtyt/Fi7D16Q==",
      "dev": true,
      "requires": {
        "ansi-styles": "^4.0.0",
        "string-width": "^4.1.0",
        "strip-ansi": "^6.0.0"
      }
    },
    "wrappy": {
      "version": "1.0.2",
      "resolved": "https://registry.npmjs.org/wrappy/-/wrappy-1.0.2.tgz",
      "integrity": "sha1-tSQ9jz7BqjXxNkYFvA0QNuMKtp8=",
      "dev": true
    },
    "y18n": {
      "version": "5.0.8",
      "resolved": "https://registry.npmjs.org/y18n/-/y18n-5.0.8.tgz",
      "integrity": "sha512-0pfFzegeDWJHJIAmTLRP2DwHjdF5s7jo9tuztdQxAhINCdvS+3nGINqPd00AphqJR/0LhANUS6/+7SCb98YOfA==",
      "dev": true
    },
    "yallist": {
      "version": "2.1.2",
      "resolved": "https://registry.npmjs.org/yallist/-/yallist-2.1.2.tgz",
      "integrity": "sha1-HBH5IY8HYImkfdUS+TxmmaaoHVI=",
      "dev": true
    },
    "yargs": {
      "version": "16.2.0",
      "resolved": "https://registry.npmjs.org/yargs/-/yargs-16.2.0.tgz",
      "integrity": "sha512-D1mvvtDG0L5ft/jGWkLpG1+m0eQxOfaBvTNELraWj22wSVUMWxZUvYgJYcKh6jGGIkJFhH4IZPQhR4TKpc8mBw==",
      "dev": true,
      "requires": {
        "cliui": "^7.0.2",
        "escalade": "^3.1.1",
        "get-caller-file": "^2.0.5",
        "require-directory": "^2.1.1",
        "string-width": "^4.2.0",
        "y18n": "^5.0.5",
        "yargs-parser": "^20.2.2"
      }
    },
    "yargs-parser": {
      "version": "20.2.9",
      "resolved": "https://registry.npmjs.org/yargs-parser/-/yargs-parser-20.2.9.tgz",
      "integrity": "sha512-y11nGElTIV+CT3Zv9t7VKl+Q3hTQoT9a1Qzezhhl6Rp21gJ/IVTW7Z3y9EWXhuUBC2Shnf+DX0antecpAwSP8w==",
      "dev": true
    }
  }
}
